
Microsoft Visual Studio Solution File, Format Version 12.00
# Visual Studio 14
VisualStudioVersion = 14.0.25420.1
MinimumVisualStudioVersion = 10.0.40219.1
Project("{9092AA53-FB77-4645-B42D-1CCCA6BD08BD}") = "pokemongo-encrypt-js", "src\pokemongo-encrypt-js.njsproj", "{FD38E12D-509A-4010-A390-28F1A5026F9B}"
EndProject
Project("{2150E333-8FDC-42A3-9474-1A3956D46DE8}") = "Solution Items", "Solution Items", "{21A40AC8-3C4B-4DDA-BEB1-816FC7228FFC}"
	ProjectSection(SolutionItems) = preProject
		package.json = package.json
		README.md = README.md
	EndProjectSection
EndProject
Global
	GlobalSection(SolutionConfigurationPlatforms) = preSolution
		Debug|Any CPU = Debug|Any CPU
		Release|Any CPU = Release|Any CPU
	EndGlobalSection
	GlobalSection(ProjectConfigurationPlatforms) = postSolution
		{FD38E12D-509A-4010-A390-28F1A5026F9B}.Debug|Any CPU.ActiveCfg = Debug|Any CPU
		{FD38E12D-509A-4010-A390-28F1A5026F9B}.Debug|Any CPU.Build.0 = Debug|Any CPU
		{FD38E12D-509A-4010-A390-28F1A5026F9B}.Release|Any CPU.ActiveCfg = Release|Any CPU
		{FD38E12D-509A-4010-A390-28F1A5026F9B}.Release|Any CPU.Build.0 = Release|Any CPU
	EndGlobalSection
	GlobalSection(SolutionProperties) = preSolution
		HideSolutionNode = FALSE
	EndGlobalSection
EndGlobal
